
Microsoft Visual Studio Solution File, Format Version 12.00
# Visual Studio Version 16
VisualStudioVersion = 16.0.31424.327
MinimumVisualStudioVersion = 10.0.40219.1
Project("{9A19103F-16F7-4668-BE54-9A1E7A4F7556}") = "Cybercore", "Cybercore\Cybercore.csproj", "{D8A3CAE1-4258-4639-B104-8F17A299D981}"
EndProject
Global
	GlobalSection(SolutionConfigurationPlatforms) = preSolution
		Debug|Any CPU = Debug|Any CPU
		Release|Any CPU = Release|Any CPU
	EndGlobalSection
	GlobalSection(ProjectConfigurationPlatforms) = postSolution
		{D8A3CAE1-4258-4639-B104-8F17A299D981}.Debug|Any CPU.ActiveCfg = Debug|Any CPU
		{D8A3CAE1-4258-4639-B104-8F17A299D981}.Debug|Any CPU.Build.0 = Debug|Any CPU
		{D8A3CAE1-4258-4639-B104-8F17A299D981}.Release|Any CPU.ActiveCfg = Release|Any CPU
		{D8A3CAE1-4258-4639-B104-8F17A299D981}.Release|Any CPU.Build.0 = Release|Any CPU
	EndGlobalSection
	GlobalSection(SolutionProperties) = preSolution
		HideSolutionNode = FALSE
	EndGlobalSection
	GlobalSection(ExtensibilityGlobals) = postSolution
		SolutionGuid = {842BF904-968A-4F20-9754-14D49708D647}
	EndGlobalSection
EndGlobal
